
Microsoft Visual Studio Solution File, Format Version 12.00
# Visual Studio Version 17
VisualStudioVersion = 17.0.32014.148
MinimumVisualStudioVersion = 10.0.40219.1
Project("{9A19103F-16F7-4668-BE54-9A1E7A4F7556}") = "PostmanCloneLibrary", "PostmanCloneLibrary\PostmanCloneLibrary.csproj", "{1538683E-CDE0-4EF6-B389-F1A3EDC1F554}"
EndProject
Project("{FAE04EC0-301F-11D3-BF4B-00C04F79EFBC}") = "PostmanCloneUI", "PostmanCloneUI\PostmanCloneUI.csproj", "{E738F76F-CDC8-4930-B355-6DE3FDCF2C01}"
EndProject
Global
	GlobalSection(SolutionConfigurationPlatforms) = preSolution
		Debug|Any CPU = Debug|Any CPU
		Release|Any CPU = Release|Any CPU
	EndGlobalSection
	GlobalSection(ProjectConfigurationPlatforms) = postSolution
		{1538683E-CDE0-4EF6-B389-F1A3EDC1F554}.Debug|Any CPU.ActiveCfg = Debug|Any CPU
		{1538683E-CDE0-4EF6-B389-F1A3EDC1F554}.Debug|Any CPU.Build.0 = Debug|Any CPU
		{1538683E-CDE0-4EF6-B389-F1A3EDC1F554}.Release|Any CPU.ActiveCfg = Release|Any CPU
		{1538683E-CDE0-4EF6-B389-F1A3EDC1F554}.Release|Any CPU.Build.0 = Release|Any CPU
		{E738F76F-CDC8-4930-B355-6DE3FDCF2C01}.Debug|Any CPU.ActiveCfg = Debug|Any CPU
		{E738F76F-CDC8-4930-B355-6DE3FDCF2C01}.Debug|Any CPU.Build.0 = Debug|Any CPU
		{E738F76F-CDC8-4930-B355-6DE3FDCF2C01}.Release|Any CPU.ActiveCfg = Release|Any CPU
		{E738F76F-CDC8-4930-B355-6DE3FDCF2C01}.Release|Any CPU.Build.0 = Release|Any CPU
	EndGlobalSection
	GlobalSection(SolutionProperties) = preSolution
		HideSolutionNode = FALSE
	EndGlobalSection
	GlobalSection(ExtensibilityGlobals) = postSolution
		SolutionGuid = {C34D600B-8A2B-4CCE-BA7A-9865B06335FE}
	EndGlobalSection
EndGlobal
